
Microsoft Visual Studio Solution File, Format Version 12.00
# Visual Studio 2013
VisualStudioVersion = 12.0.21005.1
MinimumVisualStudioVersion = 10.0.40219.1
Project("{8BC9CEB8-8B4A-11D0-8D11-00A0C91BC942}") = "BT5-5.4-18120515", "BT5-5.4-18120515\BT5-5.4-18120515.vcxproj", "{FB4A2E47-C75B-4C7F-9337-54CBD20D2E1F}"
EndProject
Project("{8BC9CEB8-8B4A-11D0-8D11-00A0C91BC942}") = "BT5-5.6-18120515", "BT5-5.6-18120515\BT5-5.6-18120515.vcxproj", "{088EC6A9-CD57-45ED-B3F2-A076C346E634}"
EndProject
Project("{8BC9CEB8-8B4A-11D0-8D11-00A0C91BC942}") = "BT5-5.3-18120515", "BT5-5.3-18120515\BT5-5.3-18120515.vcxproj", "{30887F23-65F6-4D39-B74A-AB9EF53F7146}"
EndProject
Project("{8BC9CEB8-8B4A-11D0-8D11-00A0C91BC942}") = "BT5-5.7-18120515", "BT5-5.7-18120515\BT5-5.7-18120515.vcxproj", "{7E6D1927-B727-47EC-832D-2CA40D0E1A93}"
EndProject
Project("{8BC9CEB8-8B4A-11D0-8D11-00A0C91BC942}") = "BT5-5.10-18120515", "BT5-5.10-18120515\BT5-5.10-18120515.vcxproj", "{4C396193-44B2-4D25-B37E-4FF3E9DB2CBD}"
EndProject
Project("{8BC9CEB8-8B4A-11D0-8D11-00A0C91BC942}") = "BT5-5.9-18120515", "BT5-5.9-18120515\BT5-5.9-18120515.vcxproj", "{2B952C97-F256-4A05-8664-722AE9216DD3}"
EndProject
Global
	GlobalSection(SolutionConfigurationPlatforms) = preSolution
		Debug|Win32 = Debug|Win32
		Release|Win32 = Release|Win32
	EndGlobalSection
	GlobalSection(ProjectConfigurationPlatforms) = postSolution
		{FB4A2E47-C75B-4C7F-9337-54CBD20D2E1F}.Debug|Win32.ActiveCfg = Debug|Win32
		{FB4A2E47-C75B-4C7F-9337-54CBD20D2E1F}.Debug|Win32.Build.0 = Debug|Win32
		{FB4A2E47-C75B-4C7F-9337-54CBD20D2E1F}.Release|Win32.ActiveCfg = Release|Win32
		{FB4A2E47-C75B-4C7F-9337-54CBD20D2E1F}.Release|Win32.Build.0 = Release|Win32
		{088EC6A9-CD57-45ED-B3F2-A076C346E634}.Debug|Win32.ActiveCfg = Debug|Win32
		{088EC6A9-CD57-45ED-B3F2-A076C346E634}.Debug|Win32.Build.0 = Debug|Win32
		{088EC6A9-CD57-45ED-B3F2-A076C346E634}.Release|Win32.ActiveCfg = Release|Win32
		{088EC6A9-CD57-45ED-B3F2-A076C346E634}.Release|Win32.Build.0 = Release|Win32
		{30887F23-65F6-4D39-B74A-AB9EF53F7146}.Debug|Win32.ActiveCfg = Debug|Win32
		{30887F23-65F6-4D39-B74A-AB9EF53F7146}.Debug|Win32.Build.0 = Debug|Win32
		{30887F23-65F6-4D39-B74A-AB9EF53F7146}.Release|Win32.ActiveCfg = Release|Win32
		{30887F23-65F6-4D39-B74A-AB9EF53F7146}.Release|Win32.Build.0 = Release|Win32
		{7E6D1927-B727-47EC-832D-2CA40D0E1A93}.Debug|Win32.ActiveCfg = Debug|Win32
		{7E6D1927-B727-47EC-832D-2CA40D0E1A93}.Debug|Win32.Build.0 = Debug|Win32
		{7E6D1927-B727-47EC-832D-2CA40D0E1A93}.Release|Win32.ActiveCfg = Release|Win32
		{7E6D1927-B727-47EC-832D-2CA40D0E1A93}.Release|Win32.Build.0 = Release|Win32
		{4C396193-44B2-4D25-B37E-4FF3E9DB2CBD}.Debug|Win32.ActiveCfg = Debug|Win32
		{4C396193-44B2-4D25-B37E-4FF3E9DB2CBD}.Debug|Win32.Build.0 = Debug|Win32
		{4C396193-44B2-4D25-B37E-4FF3E9DB2CBD}.Release|Win32.ActiveCfg = Release|Win32
		{4C396193-44B2-4D25-B37E-4FF3E9DB2CBD}.Release|Win32.Build.0 = Release|Win32
		{2B952C97-F256-4A05-8664-722AE9216DD3}.Debug|Win32.ActiveCfg = Debug|Win32
		{2B952C97-F256-4A05-8664-722AE9216DD3}.Debug|Win32.Build.0 = Debug|Win32
		{2B952C97-F256-4A05-8664-722AE9216DD3}.Release|Win32.ActiveCfg = Release|Win32
		{2B952C97-F256-4A05-8664-722AE9216DD3}.Release|Win32.Build.0 = Release|Win32
	EndGlobalSection
	GlobalSection(SolutionProperties) = preSolution
		HideSolutionNode = FALSE
	EndGlobalSection
EndGlobal
