
Microsoft Visual Studio Solution File, Format Version 12.00
# Visual Studio 2013
VisualStudioVersion = 12.0.21005.1
MinimumVisualStudioVersion = 10.0.40219.1
Project("{8BC9CEB8-8B4A-11D0-8D11-00A0C91BC942}") = "7.1.1", "7.1.1\7.1.1.vcxproj", "{351B5998-A4FA-4544-B77D-A06EF16628C4}"
EndProject
Project("{8BC9CEB8-8B4A-11D0-8D11-00A0C91BC942}") = "7.1.2", "7.1.2\7.1.2.vcxproj", "{B0538D55-E89F-469C-AB65-CDB97CAD91F0}"
EndProject
Project("{8BC9CEB8-8B4A-11D0-8D11-00A0C91BC942}") = "7.1.3", "7.1.3\7.1.3.vcxproj", "{0BB34431-B817-4E29-9CF3-A39C3860634F}"
EndProject
Project("{8BC9CEB8-8B4A-11D0-8D11-00A0C91BC942}") = "7.1.4", "7.1.4\7.1.4.vcxproj", "{C5490D87-429C-45F4-988B-A70CE62F1BFA}"
EndProject
Project("{8BC9CEB8-8B4A-11D0-8D11-00A0C91BC942}") = "7.2.1", "7.2.1\7.2.1.vcxproj", "{D7D50B14-8D55-4E96-9324-80E812CFFE6F}"
EndProject
Project("{8BC9CEB8-8B4A-11D0-8D11-00A0C91BC942}") = "7.1.5", "7.1.5\7.1.5.vcxproj", "{D5F63F26-BF76-4264-A71D-57A3EDE6C312}"
EndProject
Project("{8BC9CEB8-8B4A-11D0-8D11-00A0C91BC942}") = "7.2.2", "7.2.2\7.2.2.vcxproj", "{486E5888-6089-425C-8905-9E4BD6368843}"
EndProject
Project("{8BC9CEB8-8B4A-11D0-8D11-00A0C91BC942}") = "7.2.3", "7.2.3\7.2.3.vcxproj", "{C205143C-6DB1-491B-8331-3BF9949AA886}"
EndProject
Project("{8BC9CEB8-8B4A-11D0-8D11-00A0C91BC942}") = "7.3.1", "7.3.1\7.3.1.vcxproj", "{4107806E-AAC7-463E-B9B9-65E75E01FCCB}"
EndProject
Project("{8BC9CEB8-8B4A-11D0-8D11-00A0C91BC942}") = "7.3.2", "7.3.2\7.3.2.vcxproj", "{6E380B40-F7AA-40BC-BCE7-967F217D1932}"
EndProject
Project("{8BC9CEB8-8B4A-11D0-8D11-00A0C91BC942}") = "7.3.3", "7.3.3\7.3.3.vcxproj", "{2D5F3FF0-CF07-41FC-A2B5-7C096F166EA1}"
EndProject
Global
	GlobalSection(SolutionConfigurationPlatforms) = preSolution
		Debug|Win32 = Debug|Win32
		Release|Win32 = Release|Win32
	EndGlobalSection
	GlobalSection(ProjectConfigurationPlatforms) = postSolution
		{351B5998-A4FA-4544-B77D-A06EF16628C4}.Debug|Win32.ActiveCfg = Debug|Win32
		{351B5998-A4FA-4544-B77D-A06EF16628C4}.Debug|Win32.Build.0 = Debug|Win32
		{351B5998-A4FA-4544-B77D-A06EF16628C4}.Release|Win32.ActiveCfg = Release|Win32
		{351B5998-A4FA-4544-B77D-A06EF16628C4}.Release|Win32.Build.0 = Release|Win32
		{B0538D55-E89F-469C-AB65-CDB97CAD91F0}.Debug|Win32.ActiveCfg = Debug|Win32
		{B0538D55-E89F-469C-AB65-CDB97CAD91F0}.Debug|Win32.Build.0 = Debug|Win32
		{B0538D55-E89F-469C-AB65-CDB97CAD91F0}.Release|Win32.ActiveCfg = Release|Win32
		{B0538D55-E89F-469C-AB65-CDB97CAD91F0}.Release|Win32.Build.0 = Release|Win32
		{0BB34431-B817-4E29-9CF3-A39C3860634F}.Debug|Win32.ActiveCfg = Debug|Win32
		{0BB34431-B817-4E29-9CF3-A39C3860634F}.Debug|Win32.Build.0 = Debug|Win32
		{0BB34431-B817-4E29-9CF3-A39C3860634F}.Release|Win32.ActiveCfg = Release|Win32
		{0BB34431-B817-4E29-9CF3-A39C3860634F}.Release|Win32.Build.0 = Release|Win32
		{C5490D87-429C-45F4-988B-A70CE62F1BFA}.Debug|Win32.ActiveCfg = Debug|Win32
		{C5490D87-429C-45F4-988B-A70CE62F1BFA}.Debug|Win32.Build.0 = Debug|Win32
		{C5490D87-429C-45F4-988B-A70CE62F1BFA}.Release|Win32.ActiveCfg = Release|Win32
		{C5490D87-429C-45F4-988B-A70CE62F1BFA}.Release|Win32.Build.0 = Release|Win32
		{D7D50B14-8D55-4E96-9324-80E812CFFE6F}.Debug|Win32.ActiveCfg = Debug|Win32
		{D7D50B14-8D55-4E96-9324-80E812CFFE6F}.Debug|Win32.Build.0 = Debug|Win32
		{D7D50B14-8D55-4E96-9324-80E812CFFE6F}.Release|Win32.ActiveCfg = Release|Win32
		{D7D50B14-8D55-4E96-9324-80E812CFFE6F}.Release|Win32.Build.0 = Release|Win32
		{D5F63F26-BF76-4264-A71D-57A3EDE6C312}.Debug|Win32.ActiveCfg = Debug|Win32
		{D5F63F26-BF76-4264-A71D-57A3EDE6C312}.Debug|Win32.Build.0 = Debug|Win32
		{D5F63F26-BF76-4264-A71D-57A3EDE6C312}.Release|Win32.ActiveCfg = Release|Win32
		{D5F63F26-BF76-4264-A71D-57A3EDE6C312}.Release|Win32.Build.0 = Release|Win32
		{486E5888-6089-425C-8905-9E4BD6368843}.Debug|Win32.ActiveCfg = Debug|Win32
		{486E5888-6089-425C-8905-9E4BD6368843}.Debug|Win32.Build.0 = Debug|Win32
		{486E5888-6089-425C-8905-9E4BD6368843}.Release|Win32.ActiveCfg = Release|Win32
		{486E5888-6089-425C-8905-9E4BD6368843}.Release|Win32.Build.0 = Release|Win32
		{C205143C-6DB1-491B-8331-3BF9949AA886}.Debug|Win32.ActiveCfg = Debug|Win32
		{C205143C-6DB1-491B-8331-3BF9949AA886}.Debug|Win32.Build.0 = Debug|Win32
		{C205143C-6DB1-491B-8331-3BF9949AA886}.Release|Win32.ActiveCfg = Release|Win32
		{C205143C-6DB1-491B-8331-3BF9949AA886}.Release|Win32.Build.0 = Release|Win32
		{4107806E-AAC7-463E-B9B9-65E75E01FCCB}.Debug|Win32.ActiveCfg = Debug|Win32
		{4107806E-AAC7-463E-B9B9-65E75E01FCCB}.Debug|Win32.Build.0 = Debug|Win32
		{4107806E-AAC7-463E-B9B9-65E75E01FCCB}.Release|Win32.ActiveCfg = Release|Win32
		{4107806E-AAC7-463E-B9B9-65E75E01FCCB}.Release|Win32.Build.0 = Release|Win32
		{6E380B40-F7AA-40BC-BCE7-967F217D1932}.Debug|Win32.ActiveCfg = Debug|Win32
		{6E380B40-F7AA-40BC-BCE7-967F217D1932}.Debug|Win32.Build.0 = Debug|Win32
		{6E380B40-F7AA-40BC-BCE7-967F217D1932}.Release|Win32.ActiveCfg = Release|Win32
		{6E380B40-F7AA-40BC-BCE7-967F217D1932}.Release|Win32.Build.0 = Release|Win32
		{2D5F3FF0-CF07-41FC-A2B5-7C096F166EA1}.Debug|Win32.ActiveCfg = Debug|Win32
		{2D5F3FF0-CF07-41FC-A2B5-7C096F166EA1}.Debug|Win32.Build.0 = Debug|Win32
		{2D5F3FF0-CF07-41FC-A2B5-7C096F166EA1}.Release|Win32.ActiveCfg = Release|Win32
		{2D5F3FF0-CF07-41FC-A2B5-7C096F166EA1}.Release|Win32.Build.0 = Release|Win32
	EndGlobalSection
	GlobalSection(SolutionProperties) = preSolution
		HideSolutionNode = FALSE
	EndGlobalSection
EndGlobal
