
Microsoft Visual Studio Solution File, Format Version 12.00
# Visual Studio 2013
VisualStudioVersion = 12.0.21005.1
MinimumVisualStudioVersion = 10.0.40219.1
Project("{8BC9CEB8-8B4A-11D0-8D11-00A0C91BC942}") = "BT3-3.1-18120515", "BT3-3.1-18120515\BT3-3.1-18120515.vcxproj", "{8AC415E9-759B-46AB-8FA9-99B853A578DC}"
EndProject
Project("{8BC9CEB8-8B4A-11D0-8D11-00A0C91BC942}") = "BT3-3.2-18120515", "BT3-3.2-18120515\BT3-3.2-18120515.vcxproj", "{0EC72592-D63A-41AC-8D3B-D21405A7190A}"
EndProject
Project("{8BC9CEB8-8B4A-11D0-8D11-00A0C91BC942}") = "BT3-3.3-18120515", "BT3-3.3-18120515\BT3-3.3-18120515.vcxproj", "{DDC837B9-64CF-47BE-9640-728863303E47}"
EndProject
Project("{8BC9CEB8-8B4A-11D0-8D11-00A0C91BC942}") = "BT3-3.4-18120515", "BT3-3.4-18120515\BT3-3.4-18120515.vcxproj", "{EEBD5299-FF2B-4656-AF9C-266931C79915}"
EndProject
Project("{8BC9CEB8-8B4A-11D0-8D11-00A0C91BC942}") = "BT3-3.5-18120515", "BT3-3.5-18120515\BT3-3.5-18120515.vcxproj", "{A63A7EBE-5EF3-455D-9F3F-F7F01D48668C}"
EndProject
Global
	GlobalSection(SolutionConfigurationPlatforms) = preSolution
		Debug|Win32 = Debug|Win32
		Release|Win32 = Release|Win32
	EndGlobalSection
	GlobalSection(ProjectConfigurationPlatforms) = postSolution
		{8AC415E9-759B-46AB-8FA9-99B853A578DC}.Debug|Win32.ActiveCfg = Debug|Win32
		{8AC415E9-759B-46AB-8FA9-99B853A578DC}.Debug|Win32.Build.0 = Debug|Win32
		{8AC415E9-759B-46AB-8FA9-99B853A578DC}.Release|Win32.ActiveCfg = Release|Win32
		{8AC415E9-759B-46AB-8FA9-99B853A578DC}.Release|Win32.Build.0 = Release|Win32
		{0EC72592-D63A-41AC-8D3B-D21405A7190A}.Debug|Win32.ActiveCfg = Debug|Win32
		{0EC72592-D63A-41AC-8D3B-D21405A7190A}.Debug|Win32.Build.0 = Debug|Win32
		{0EC72592-D63A-41AC-8D3B-D21405A7190A}.Release|Win32.ActiveCfg = Release|Win32
		{0EC72592-D63A-41AC-8D3B-D21405A7190A}.Release|Win32.Build.0 = Release|Win32
		{DDC837B9-64CF-47BE-9640-728863303E47}.Debug|Win32.ActiveCfg = Debug|Win32
		{DDC837B9-64CF-47BE-9640-728863303E47}.Debug|Win32.Build.0 = Debug|Win32
		{DDC837B9-64CF-47BE-9640-728863303E47}.Release|Win32.ActiveCfg = Release|Win32
		{DDC837B9-64CF-47BE-9640-728863303E47}.Release|Win32.Build.0 = Release|Win32
		{EEBD5299-FF2B-4656-AF9C-266931C79915}.Debug|Win32.ActiveCfg = Debug|Win32
		{EEBD5299-FF2B-4656-AF9C-266931C79915}.Debug|Win32.Build.0 = Debug|Win32
		{EEBD5299-FF2B-4656-AF9C-266931C79915}.Release|Win32.ActiveCfg = Release|Win32
		{EEBD5299-FF2B-4656-AF9C-266931C79915}.Release|Win32.Build.0 = Release|Win32
		{A63A7EBE-5EF3-455D-9F3F-F7F01D48668C}.Debug|Win32.ActiveCfg = Debug|Win32
		{A63A7EBE-5EF3-455D-9F3F-F7F01D48668C}.Debug|Win32.Build.0 = Debug|Win32
		{A63A7EBE-5EF3-455D-9F3F-F7F01D48668C}.Release|Win32.ActiveCfg = Release|Win32
		{A63A7EBE-5EF3-455D-9F3F-F7F01D48668C}.Release|Win32.Build.0 = Release|Win32
	EndGlobalSection
	GlobalSection(SolutionProperties) = preSolution
		HideSolutionNode = FALSE
	EndGlobalSection
EndGlobal
