
Microsoft Visual Studio Solution File, Format Version 12.00
# Visual Studio 2013
VisualStudioVersion = 12.0.21005.1
MinimumVisualStudioVersion = 10.0.40219.1
Project("{8BC9CEB8-8B4A-11D0-8D11-00A0C91BC942}") = "B4.1-18120515", "B4.1-18120515\B4.1-18120515.vcxproj", "{166DD4D7-85B0-4044-8AB1-0462635EFC4A}"
EndProject
Project("{8BC9CEB8-8B4A-11D0-8D11-00A0C91BC942}") = "B4.2-18120515", "B4.2-18120515\B4.2-18120515.vcxproj", "{454AF737-2361-4B38-B8F2-514F24A7DFEC}"
EndProject
Project("{8BC9CEB8-8B4A-11D0-8D11-00A0C91BC942}") = "B4.4-18120515", "B4.4-18120515\B4.4-18120515.vcxproj", "{8CCB3A97-019E-44DC-9632-16E2EF6B52E3}"
EndProject
Project("{8BC9CEB8-8B4A-11D0-8D11-00A0C91BC942}") = "B4.5-18120515", "B4.5-18120515\B4.5-18120515.vcxproj", "{5E7C4617-1AD1-4E1C-A549-56E123DDE081}"
EndProject
Project("{8BC9CEB8-8B4A-11D0-8D11-00A0C91BC942}") = "B4.6-18120515", "B4.6-18120515\B4.6-18120515.vcxproj", "{0F756F46-12C0-4B77-A055-2635A23641AC}"
EndProject
Project("{8BC9CEB8-8B4A-11D0-8D11-00A0C91BC942}") = "B4.7-18120515", "B4.7-18120515\B4.7-18120515.vcxproj", "{47EC5F14-10DE-48B6-9C8A-7A0173F17674}"
EndProject
Project("{8BC9CEB8-8B4A-11D0-8D11-00A0C91BC942}") = "B4.8-18120515", "B4.8-18120515\B4.8-18120515.vcxproj", "{AEB27858-BC92-4897-B5B1-0274EFD03605}"
EndProject
Project("{8BC9CEB8-8B4A-11D0-8D11-00A0C91BC942}") = "B4.3-18120515", "B4.3-18120515\B4.3-18120515.vcxproj", "{1669E97C-DCEF-46D8-831A-47F083ECC484}"
EndProject
Global
	GlobalSection(SolutionConfigurationPlatforms) = preSolution
		Debug|Win32 = Debug|Win32
		Release|Win32 = Release|Win32
	EndGlobalSection
	GlobalSection(ProjectConfigurationPlatforms) = postSolution
		{166DD4D7-85B0-4044-8AB1-0462635EFC4A}.Debug|Win32.ActiveCfg = Debug|Win32
		{166DD4D7-85B0-4044-8AB1-0462635EFC4A}.Debug|Win32.Build.0 = Debug|Win32
		{166DD4D7-85B0-4044-8AB1-0462635EFC4A}.Release|Win32.ActiveCfg = Release|Win32
		{166DD4D7-85B0-4044-8AB1-0462635EFC4A}.Release|Win32.Build.0 = Release|Win32
		{454AF737-2361-4B38-B8F2-514F24A7DFEC}.Debug|Win32.ActiveCfg = Debug|Win32
		{454AF737-2361-4B38-B8F2-514F24A7DFEC}.Debug|Win32.Build.0 = Debug|Win32
		{454AF737-2361-4B38-B8F2-514F24A7DFEC}.Release|Win32.ActiveCfg = Release|Win32
		{454AF737-2361-4B38-B8F2-514F24A7DFEC}.Release|Win32.Build.0 = Release|Win32
		{8CCB3A97-019E-44DC-9632-16E2EF6B52E3}.Debug|Win32.ActiveCfg = Debug|Win32
		{8CCB3A97-019E-44DC-9632-16E2EF6B52E3}.Debug|Win32.Build.0 = Debug|Win32
		{8CCB3A97-019E-44DC-9632-16E2EF6B52E3}.Release|Win32.ActiveCfg = Release|Win32
		{8CCB3A97-019E-44DC-9632-16E2EF6B52E3}.Release|Win32.Build.0 = Release|Win32
		{5E7C4617-1AD1-4E1C-A549-56E123DDE081}.Debug|Win32.ActiveCfg = Debug|Win32
		{5E7C4617-1AD1-4E1C-A549-56E123DDE081}.Debug|Win32.Build.0 = Debug|Win32
		{5E7C4617-1AD1-4E1C-A549-56E123DDE081}.Release|Win32.ActiveCfg = Release|Win32
		{5E7C4617-1AD1-4E1C-A549-56E123DDE081}.Release|Win32.Build.0 = Release|Win32
		{0F756F46-12C0-4B77-A055-2635A23641AC}.Debug|Win32.ActiveCfg = Debug|Win32
		{0F756F46-12C0-4B77-A055-2635A23641AC}.Debug|Win32.Build.0 = Debug|Win32
		{0F756F46-12C0-4B77-A055-2635A23641AC}.Release|Win32.ActiveCfg = Release|Win32
		{0F756F46-12C0-4B77-A055-2635A23641AC}.Release|Win32.Build.0 = Release|Win32
		{47EC5F14-10DE-48B6-9C8A-7A0173F17674}.Debug|Win32.ActiveCfg = Debug|Win32
		{47EC5F14-10DE-48B6-9C8A-7A0173F17674}.Debug|Win32.Build.0 = Debug|Win32
		{47EC5F14-10DE-48B6-9C8A-7A0173F17674}.Release|Win32.ActiveCfg = Release|Win32
		{47EC5F14-10DE-48B6-9C8A-7A0173F17674}.Release|Win32.Build.0 = Release|Win32
		{AEB27858-BC92-4897-B5B1-0274EFD03605}.Debug|Win32.ActiveCfg = Debug|Win32
		{AEB27858-BC92-4897-B5B1-0274EFD03605}.Debug|Win32.Build.0 = Debug|Win32
		{AEB27858-BC92-4897-B5B1-0274EFD03605}.Release|Win32.ActiveCfg = Release|Win32
		{AEB27858-BC92-4897-B5B1-0274EFD03605}.Release|Win32.Build.0 = Release|Win32
		{1669E97C-DCEF-46D8-831A-47F083ECC484}.Debug|Win32.ActiveCfg = Debug|Win32
		{1669E97C-DCEF-46D8-831A-47F083ECC484}.Debug|Win32.Build.0 = Debug|Win32
		{1669E97C-DCEF-46D8-831A-47F083ECC484}.Release|Win32.ActiveCfg = Release|Win32
		{1669E97C-DCEF-46D8-831A-47F083ECC484}.Release|Win32.Build.0 = Release|Win32
	EndGlobalSection
	GlobalSection(SolutionProperties) = preSolution
		HideSolutionNode = FALSE
	EndGlobalSection
EndGlobal
