
Microsoft Visual Studio Solution File, Format Version 12.00
# Visual Studio 2013
VisualStudioVersion = 12.0.21005.1
MinimumVisualStudioVersion = 10.0.40219.1
Project("{8BC9CEB8-8B4A-11D0-8D11-00A0C91BC942}") = "5.4", "5.4\5.4.vcxproj", "{B0390BA1-0EDB-4F39-9220-2CE969918D3A}"
EndProject
Project("{8BC9CEB8-8B4A-11D0-8D11-00A0C91BC942}") = "5.5", "5.5\5.5.vcxproj", "{BDDF90A7-944A-4050-AEAE-251BF4EE89CE}"
EndProject
Project("{8BC9CEB8-8B4A-11D0-8D11-00A0C91BC942}") = "5.6", "5.6\5.6.vcxproj", "{758E9718-D090-44B0-A6E9-74EBD785371E}"
EndProject
Project("{8BC9CEB8-8B4A-11D0-8D11-00A0C91BC942}") = "5.7", "5.7\5.7.vcxproj", "{883D2582-D4B5-4B03-99DF-7500A63D1BD8}"
EndProject
Project("{8BC9CEB8-8B4A-11D0-8D11-00A0C91BC942}") = "5.8", "5.8\5.8.vcxproj", "{44C41733-E265-40C4-9985-A2A9160D3855}"
EndProject
Project("{8BC9CEB8-8B4A-11D0-8D11-00A0C91BC942}") = "5.9", "5.9\5.9.vcxproj", "{6412FE4B-9A27-4195-9127-D00D24EF614B}"
EndProject
Project("{8BC9CEB8-8B4A-11D0-8D11-00A0C91BC942}") = "5.10", "5.10\5.10.vcxproj", "{549943D6-D582-4F56-8299-CF57557BDC92}"
EndProject
Project("{8BC9CEB8-8B4A-11D0-8D11-00A0C91BC942}") = "5.11", "5.11\5.11.vcxproj", "{009E79A7-1122-4EAA-BC5F-7274C59540DA}"
EndProject
Project("{8BC9CEB8-8B4A-11D0-8D11-00A0C91BC942}") = "5.12", "5.12\5.12.vcxproj", "{44756C14-8FCD-457B-A5DA-AFDD6D1EE45E}"
EndProject
Project("{8BC9CEB8-8B4A-11D0-8D11-00A0C91BC942}") = "5.13", "5.13\5.13.vcxproj", "{432418C2-B1AE-4EDA-A01F-940850D7D01D}"
EndProject
Project("{8BC9CEB8-8B4A-11D0-8D11-00A0C91BC942}") = "5.1", "5.1\5.1.vcxproj", "{8BCE7BA4-E9C4-45E2-A0A5-45E46BD6C8F5}"
EndProject
Project("{8BC9CEB8-8B4A-11D0-8D11-00A0C91BC942}") = "5.2", "5.2\5.2.vcxproj", "{C58D1A15-3962-4811-A0EA-B0B4EFE81039}"
EndProject
Project("{8BC9CEB8-8B4A-11D0-8D11-00A0C91BC942}") = "5.3", "5.3\5.3.vcxproj", "{88A8F644-02B0-419F-BB43-5B9E71CE77C9}"
EndProject
Global
	GlobalSection(SolutionConfigurationPlatforms) = preSolution
		Debug|Win32 = Debug|Win32
		Release|Win32 = Release|Win32
	EndGlobalSection
	GlobalSection(ProjectConfigurationPlatforms) = postSolution
		{B0390BA1-0EDB-4F39-9220-2CE969918D3A}.Debug|Win32.ActiveCfg = Debug|Win32
		{B0390BA1-0EDB-4F39-9220-2CE969918D3A}.Debug|Win32.Build.0 = Debug|Win32
		{B0390BA1-0EDB-4F39-9220-2CE969918D3A}.Release|Win32.ActiveCfg = Release|Win32
		{B0390BA1-0EDB-4F39-9220-2CE969918D3A}.Release|Win32.Build.0 = Release|Win32
		{BDDF90A7-944A-4050-AEAE-251BF4EE89CE}.Debug|Win32.ActiveCfg = Debug|Win32
		{BDDF90A7-944A-4050-AEAE-251BF4EE89CE}.Debug|Win32.Build.0 = Debug|Win32
		{BDDF90A7-944A-4050-AEAE-251BF4EE89CE}.Release|Win32.ActiveCfg = Release|Win32
		{BDDF90A7-944A-4050-AEAE-251BF4EE89CE}.Release|Win32.Build.0 = Release|Win32
		{758E9718-D090-44B0-A6E9-74EBD785371E}.Debug|Win32.ActiveCfg = Debug|Win32
		{758E9718-D090-44B0-A6E9-74EBD785371E}.Debug|Win32.Build.0 = Debug|Win32
		{758E9718-D090-44B0-A6E9-74EBD785371E}.Release|Win32.ActiveCfg = Release|Win32
		{758E9718-D090-44B0-A6E9-74EBD785371E}.Release|Win32.Build.0 = Release|Win32
		{883D2582-D4B5-4B03-99DF-7500A63D1BD8}.Debug|Win32.ActiveCfg = Debug|Win32
		{883D2582-D4B5-4B03-99DF-7500A63D1BD8}.Debug|Win32.Build.0 = Debug|Win32
		{883D2582-D4B5-4B03-99DF-7500A63D1BD8}.Release|Win32.ActiveCfg = Release|Win32
		{883D2582-D4B5-4B03-99DF-7500A63D1BD8}.Release|Win32.Build.0 = Release|Win32
		{44C41733-E265-40C4-9985-A2A9160D3855}.Debug|Win32.ActiveCfg = Debug|Win32
		{44C41733-E265-40C4-9985-A2A9160D3855}.Debug|Win32.Build.0 = Debug|Win32
		{44C41733-E265-40C4-9985-A2A9160D3855}.Release|Win32.ActiveCfg = Release|Win32
		{44C41733-E265-40C4-9985-A2A9160D3855}.Release|Win32.Build.0 = Release|Win32
		{6412FE4B-9A27-4195-9127-D00D24EF614B}.Debug|Win32.ActiveCfg = Debug|Win32
		{6412FE4B-9A27-4195-9127-D00D24EF614B}.Debug|Win32.Build.0 = Debug|Win32
		{6412FE4B-9A27-4195-9127-D00D24EF614B}.Release|Win32.ActiveCfg = Release|Win32
		{6412FE4B-9A27-4195-9127-D00D24EF614B}.Release|Win32.Build.0 = Release|Win32
		{549943D6-D582-4F56-8299-CF57557BDC92}.Debug|Win32.ActiveCfg = Debug|Win32
		{549943D6-D582-4F56-8299-CF57557BDC92}.Debug|Win32.Build.0 = Debug|Win32
		{549943D6-D582-4F56-8299-CF57557BDC92}.Release|Win32.ActiveCfg = Release|Win32
		{549943D6-D582-4F56-8299-CF57557BDC92}.Release|Win32.Build.0 = Release|Win32
		{009E79A7-1122-4EAA-BC5F-7274C59540DA}.Debug|Win32.ActiveCfg = Debug|Win32
		{009E79A7-1122-4EAA-BC5F-7274C59540DA}.Debug|Win32.Build.0 = Debug|Win32
		{009E79A7-1122-4EAA-BC5F-7274C59540DA}.Release|Win32.ActiveCfg = Release|Win32
		{009E79A7-1122-4EAA-BC5F-7274C59540DA}.Release|Win32.Build.0 = Release|Win32
		{44756C14-8FCD-457B-A5DA-AFDD6D1EE45E}.Debug|Win32.ActiveCfg = Debug|Win32
		{44756C14-8FCD-457B-A5DA-AFDD6D1EE45E}.Debug|Win32.Build.0 = Debug|Win32
		{44756C14-8FCD-457B-A5DA-AFDD6D1EE45E}.Release|Win32.ActiveCfg = Release|Win32
		{44756C14-8FCD-457B-A5DA-AFDD6D1EE45E}.Release|Win32.Build.0 = Release|Win32
		{432418C2-B1AE-4EDA-A01F-940850D7D01D}.Debug|Win32.ActiveCfg = Debug|Win32
		{432418C2-B1AE-4EDA-A01F-940850D7D01D}.Debug|Win32.Build.0 = Debug|Win32
		{432418C2-B1AE-4EDA-A01F-940850D7D01D}.Release|Win32.ActiveCfg = Release|Win32
		{432418C2-B1AE-4EDA-A01F-940850D7D01D}.Release|Win32.Build.0 = Release|Win32
		{8BCE7BA4-E9C4-45E2-A0A5-45E46BD6C8F5}.Debug|Win32.ActiveCfg = Debug|Win32
		{8BCE7BA4-E9C4-45E2-A0A5-45E46BD6C8F5}.Debug|Win32.Build.0 = Debug|Win32
		{8BCE7BA4-E9C4-45E2-A0A5-45E46BD6C8F5}.Release|Win32.ActiveCfg = Release|Win32
		{8BCE7BA4-E9C4-45E2-A0A5-45E46BD6C8F5}.Release|Win32.Build.0 = Release|Win32
		{C58D1A15-3962-4811-A0EA-B0B4EFE81039}.Debug|Win32.ActiveCfg = Debug|Win32
		{C58D1A15-3962-4811-A0EA-B0B4EFE81039}.Debug|Win32.Build.0 = Debug|Win32
		{C58D1A15-3962-4811-A0EA-B0B4EFE81039}.Release|Win32.ActiveCfg = Release|Win32
		{C58D1A15-3962-4811-A0EA-B0B4EFE81039}.Release|Win32.Build.0 = Release|Win32
		{88A8F644-02B0-419F-BB43-5B9E71CE77C9}.Debug|Win32.ActiveCfg = Debug|Win32
		{88A8F644-02B0-419F-BB43-5B9E71CE77C9}.Debug|Win32.Build.0 = Debug|Win32
		{88A8F644-02B0-419F-BB43-5B9E71CE77C9}.Release|Win32.ActiveCfg = Release|Win32
		{88A8F644-02B0-419F-BB43-5B9E71CE77C9}.Release|Win32.Build.0 = Release|Win32
	EndGlobalSection
	GlobalSection(SolutionProperties) = preSolution
		HideSolutionNode = FALSE
	EndGlobalSection
EndGlobal
