
Microsoft Visual Studio Solution File, Format Version 12.00
# Visual Studio 2013
VisualStudioVersion = 12.0.21005.1
MinimumVisualStudioVersion = 10.0.40219.1
Project("{8BC9CEB8-8B4A-11D0-8D11-00A0C91BC942}") = "BT4-4.2-18120515", "BT3-4.2-18120515\BT3-4.2-18120515.vcxproj", "{A5E47B53-4658-447A-845B-6F266F03CD75}"
EndProject
Project("{8BC9CEB8-8B4A-11D0-8D11-00A0C91BC942}") = "BT4-4.3-18120515", "BT4-4.3-18120515\BT4-4.3-18120515.vcxproj", "{AC573D7F-5539-4768-AA65-9B784240F6FD}"
EndProject
Project("{8BC9CEB8-8B4A-11D0-8D11-00A0C91BC942}") = "BT4-4.4c-18120515", "BT4-4.4c-18120515\BT4-4.4c-18120515.vcxproj", "{0FC650B4-CD6A-4831-8DDD-A5B3A3E32F45}"
EndProject
Project("{8BC9CEB8-8B4A-11D0-8D11-00A0C91BC942}") = "BT4-4.4d-18120515", "BT4-4.4d-18120515\BT4-4.4d-18120515.vcxproj", "{7A833C97-80C6-4823-8ECB-2353A15CACC2}"
EndProject
Project("{8BC9CEB8-8B4A-11D0-8D11-00A0C91BC942}") = "BT5-4.5-18120515", "BT5-4.5-18120515\BT5-4.5-18120515.vcxproj", "{3F22EA35-38FD-4C40-B660-2A027DF3A8E5}"
EndProject
Global
	GlobalSection(SolutionConfigurationPlatforms) = preSolution
		Debug|Win32 = Debug|Win32
		Release|Win32 = Release|Win32
	EndGlobalSection
	GlobalSection(ProjectConfigurationPlatforms) = postSolution
		{A5E47B53-4658-447A-845B-6F266F03CD75}.Debug|Win32.ActiveCfg = Debug|Win32
		{A5E47B53-4658-447A-845B-6F266F03CD75}.Debug|Win32.Build.0 = Debug|Win32
		{A5E47B53-4658-447A-845B-6F266F03CD75}.Release|Win32.ActiveCfg = Release|Win32
		{A5E47B53-4658-447A-845B-6F266F03CD75}.Release|Win32.Build.0 = Release|Win32
		{AC573D7F-5539-4768-AA65-9B784240F6FD}.Debug|Win32.ActiveCfg = Debug|Win32
		{AC573D7F-5539-4768-AA65-9B784240F6FD}.Debug|Win32.Build.0 = Debug|Win32
		{AC573D7F-5539-4768-AA65-9B784240F6FD}.Release|Win32.ActiveCfg = Release|Win32
		{AC573D7F-5539-4768-AA65-9B784240F6FD}.Release|Win32.Build.0 = Release|Win32
		{0FC650B4-CD6A-4831-8DDD-A5B3A3E32F45}.Debug|Win32.ActiveCfg = Debug|Win32
		{0FC650B4-CD6A-4831-8DDD-A5B3A3E32F45}.Debug|Win32.Build.0 = Debug|Win32
		{0FC650B4-CD6A-4831-8DDD-A5B3A3E32F45}.Release|Win32.ActiveCfg = Release|Win32
		{0FC650B4-CD6A-4831-8DDD-A5B3A3E32F45}.Release|Win32.Build.0 = Release|Win32
		{7A833C97-80C6-4823-8ECB-2353A15CACC2}.Debug|Win32.ActiveCfg = Debug|Win32
		{7A833C97-80C6-4823-8ECB-2353A15CACC2}.Debug|Win32.Build.0 = Debug|Win32
		{7A833C97-80C6-4823-8ECB-2353A15CACC2}.Release|Win32.ActiveCfg = Release|Win32
		{7A833C97-80C6-4823-8ECB-2353A15CACC2}.Release|Win32.Build.0 = Release|Win32
		{3F22EA35-38FD-4C40-B660-2A027DF3A8E5}.Debug|Win32.ActiveCfg = Debug|Win32
		{3F22EA35-38FD-4C40-B660-2A027DF3A8E5}.Debug|Win32.Build.0 = Debug|Win32
		{3F22EA35-38FD-4C40-B660-2A027DF3A8E5}.Release|Win32.ActiveCfg = Release|Win32
		{3F22EA35-38FD-4C40-B660-2A027DF3A8E5}.Release|Win32.Build.0 = Release|Win32
	EndGlobalSection
	GlobalSection(SolutionProperties) = preSolution
		HideSolutionNode = FALSE
	EndGlobalSection
EndGlobal
